# THIS IS AN AUTOGENERATED FILE. DO NOT EDIT THIS FILE DIRECTLY.
# yarn lockfile v1


"@bnb-chain/greenfield-contracts@1.2.0":
  version "1.2.0"
  resolved "https://registry.yarnpkg.com/@bnb-chain/greenfield-contracts/-/greenfield-contracts-1.2.0.tgz#a842c46a658732c9e05ee83eda4cd547675ccdfe"
  integrity sha512-5nSLtgzBvyLnogMhGjJT4toBkE6JOHcD9ygUuWGRo5FhaXb+vbqUiERmR1y3Vmo4MCpZF8lN8C+wq0Yn5GcguA==
  dependencies:
    "@openzeppelin/contracts" "4.9.3"
    "@openzeppelin/contracts-upgradeable" "4.9.3"

"@openzeppelin/contracts-upgradeable@4.9.3":
  version "4.9.3"
  resolved "https://registry.yarnpkg.com/@openzeppelin/contracts-upgradeable/-/contracts-upgradeable-4.9.3.tgz#ff17a80fb945f5102571f8efecb5ce5915cc4811"
  integrity sha512-jjaHAVRMrE4UuZNfDwjlLGDxTHWIOwTJS2ldnc278a0gevfXfPr8hxKEVBGFBE96kl2G3VHDZhUimw/+G3TG2A==

"@openzeppelin/contracts@4.9.3":
  version "4.9.3"
  resolved "https://registry.yarnpkg.com/@openzeppelin/contracts/-/contracts-4.9.3.tgz#00d7a8cf35a475b160b3f0293a6403c511099364"
  integrity sha512-He3LieZ1pP2TNt5JbkPA4PNT9WC3gOTOlDcFGJW4Le4QKqwmiNJCRt44APfxMxvq7OugU/cqYuPcSBzOw38DAg==
